{
  "name": "in_node_1",
  "version": "1.0.0",
  "lockfileVersion": 2,
  "requires": true,
  "packages": {
    "": {
      "name": "in_node_1",
      "version": "1.0.0",
      "license": "ISC",
      "dependencies": {
        "@tatyanaprohorova/uni_library_1": "^1.0.3"
      }
    },
    "node_modules/@tatyanaprohorova/uni_library_1": {
      "version": "1.0.3",
      "resolved": "https://npm.pkg.github.com/download/@tatyanaprohorova/uni_library_1/1.0.3/e95192fc757b4b49e9ceb8d78f694a5c31710a43",
      "integrity": "sha512-DGKC3UTW4BE9AByeyIwiUqKuvnMlwPIyEuF+0rjR3Q6JQguqOwmYyOrruLDGos8KrtzowcPB4cH7hdZnD0dJGg==",
      "license": "ISC"
    }
  },
  "dependencies": {
    "@tatyanaprohorova/uni_library_1": {
      "version": "1.0.3",
      "resolved": "https://npm.pkg.github.com/download/@tatyanaprohorova/uni_library_1/1.0.3/e95192fc757b4b49e9ceb8d78f694a5c31710a43",
      "integrity": "sha512-DGKC3UTW4BE9AByeyIwiUqKuvnMlwPIyEuF+0rjR3Q6JQguqOwmYyOrruLDGos8KrtzowcPB4cH7hdZnD0dJGg=="
    }
  }
}
